// !$*UTF8*$!
{
	archiveVersion = 1;
	classes = {
	};
	objectVersion = 55;
	objects = {

/* Begin PBXBuildFile section */
		751570BC28869FDA00BC8347 /* AppDelegate.swift in Sources */ = {isa = PBXBuildFile; fileRef = 751570BB28869FDA00BC8347 /* AppDelegate.swift */; };
		751570BE28869FDA00BC8347 /* SceneDelegate.swift in Sources */ = {isa = PBXBuildFile; fileRef = 751570BD28869FDA00BC8347 /* SceneDelegate.swift */; };
		751570C328869FDA00BC8347 /* Main.storyboard in Resources */ = {isa = PBXBuildFile; fileRef = 751570C128869FDA00BC8347 /* Main.storyboard */; };
		751570C528869FDD00BC8347 /* Assets.xcassets in Resources */ = {isa = PBXBuildFile; fileRef = 751570C428869FDD00BC8347 /* Assets.xcassets */; };
		751570C828869FDD00BC8347 /* LaunchScreen.storyboard in Resources */ = {isa = PBXBuildFile; fileRef = 751570C628869FDD00BC8347 /* LaunchScreen.storyboard */; };
		754EA0F7289281B000BFF996 /* MainTabController.swift in Sources */ = {isa = PBXBuildFile; fileRef = 754EA0F6289281B000BFF996 /* MainTabController.swift */; };
		754EA0FA2892835200BFF996 /* MainViewController.swift in Sources */ = {isa = PBXBuildFile; fileRef = 754EA0F92892835200BFF996 /* MainViewController.swift */; };
		754EA0FD2892837D00BFF996 /* CatalogViewController.swift in Sources */ = {isa = PBXBuildFile; fileRef = 754EA0FC2892837D00BFF996 /* CatalogViewController.swift */; };
		754EA0FF289283C500BFF996 /* CartViewController.swift in Sources */ = {isa = PBXBuildFile; fileRef = 754EA0FE289283C500BFF996 /* CartViewController.swift */; };
		754EA1012892840B00BFF996 /* ProfileViewController.swift in Sources */ = {isa = PBXBuildFile; fileRef = 754EA1002892840B00BFF996 /* ProfileViewController.swift */; };
		754EA1042892910900BFF996 /* Extension.swift in Sources */ = {isa = PBXBuildFile; fileRef = 754EA1032892910900BFF996 /* Extension.swift */; };
/* End PBXBuildFile section */

/* Begin PBXFileReference section */
		751570B828869FDA00BC8347 /* Dobavki.app */ = {isa = PBXFileReference; explicitFileType = wrapper.application; includeInIndex = 0; path = Dobavki.app; sourceTree = BUILT_PRODUCTS_DIR; };
		751570BB28869FDA00BC8347 /* AppDelegate.swift */ = {isa = PBXFileReference; lastKnownFileType = sourcecode.swift; path = AppDelegate.swift; sourceTree = "<group>"; };
		751570BD28869FDA00BC8347 /* SceneDelegate.swift */ = {isa = PBXFileReference; lastKnownFileType = sourcecode.swift; path = SceneDelegate.swift; sourceTree = "<group>"; };
		751570C228869FDA00BC8347 /* Base */ = {isa = PBXFileReference; lastKnownFileType = file.storyboard; name = Base; path = Base.lproj/Main.storyboard; sourceTree = "<group>"; };
		751570C428869FDD00BC8347 /* Assets.xcassets */ = {isa = PBXFileReference; lastKnownFileType = folder.assetcatalog; path = Assets.xcassets; sourceTree = "<group>"; };
		751570C728869FDD00BC8347 /* Base */ = {isa = PBXFileReference; lastKnownFileType = file.storyboard; name = Base; path = Base.lproj/LaunchScreen.storyboard; sourceTree = "<group>"; };
		751570C928869FDD00BC8347 /* Info.plist */ = {isa = PBXFileReference; lastKnownFileType = text.plist.xml; path = Info.plist; sourceTree = "<group>"; };
		754EA0F6289281B000BFF996 /* MainTabController.swift */ = {isa = PBXFileReference; lastKnownFileType = sourcecode.swift; path = MainTabController.swift; sourceTree = "<group>"; };
		754EA0F92892835200BFF996 /* MainViewController.swift */ = {isa = PBXFileReference; lastKnownFileType = sourcecode.swift; path = MainViewController.swift; sourceTree = "<group>"; };
		754EA0FC2892837D00BFF996 /* CatalogViewController.swift */ = {isa = PBXFileReference; lastKnownFileType = sourcecode.swift; path = CatalogViewController.swift; sourceTree = "<group>"; };
		754EA0FE289283C500BFF996 /* CartViewController.swift */ = {isa = PBXFileReference; lastKnownFileType = sourcecode.swift; path = CartViewController.swift; sourceTree = "<group>"; };
		754EA1002892840B00BFF996 /* ProfileViewController.swift */ = {isa = PBXFileReference; lastKnownFileType = sourcecode.swift; path = ProfileViewController.swift; sourceTree = "<group>"; };
		754EA1032892910900BFF996 /* Extension.swift */ = {isa = PBXFileReference; lastKnownFileType = sourcecode.swift; path = Extension.swift; sourceTree = "<group>"; };
/* End PBXFileReference section */

/* Begin PBXFrameworksBuildPhase section */
		751570B528869FDA00BC8347 /* Frameworks */ = {
			isa = PBXFrameworksBuildPhase;
			buildActionMask = 2147483647;
			files = (
			);
			runOnlyForDeploymentPostprocessing = 0;
		};
/* End PBXFrameworksBuildPhase section */

/* Begin PBXGroup section */
		751570AF28869FDA00BC8347 = {
			isa = PBXGroup;
			children = (
				751570BA28869FDA00BC8347 /* Dobavki */,
				751570B928869FDA00BC8347 /* Products */,
			);
			sourceTree = "<group>";
		};
		751570B928869FDA00BC8347 /* Products */ = {
			isa = PBXGroup;
			children = (
				751570B828869FDA00BC8347 /* Dobavki.app */,
			);
			name = Products;
			sourceTree = "<group>";
		};
		751570BA28869FDA00BC8347 /* Dobavki */ = {
			isa = PBXGroup;
			children = (
				754EA0F5289280D600BFF996 /* Resources */,
				754EA0F82892820F00BFF996 /* Controllers */,
				754EA102289290F100BFF996 /* Utils */,
				751570C128869FDA00BC8347 /* Main.storyboard */,
				751570C428869FDD00BC8347 /* Assets.xcassets */,
				751570C628869FDD00BC8347 /* LaunchScreen.storyboard */,
				751570C928869FDD00BC8347 /* Info.plist */,
			);
			path = Dobavki;
			sourceTree = "<group>";
		};
		754EA0F5289280D600BFF996 /* Resources */ = {
			isa = PBXGroup;
			children = (
				751570BB28869FDA00BC8347 /* AppDelegate.swift */,
				751570BD28869FDA00BC8347 /* SceneDelegate.swift */,
			);
			path = Resources;
			sourceTree = "<group>";
		};
		754EA0F82892820F00BFF996 /* Controllers */ = {
			isa = PBXGroup;
			children = (
				754EA0FB2892835600BFF996 /* Core */,
				754EA0F92892835200BFF996 /* MainViewController.swift */,
				754EA0FC2892837D00BFF996 /* CatalogViewController.swift */,
				754EA0FE289283C500BFF996 /* CartViewController.swift */,
				754EA1002892840B00BFF996 /* ProfileViewController.swift */,
			);
			path = Controllers;
			sourceTree = "<group>";
		};
		754EA0FB2892835600BFF996 /* Core */ = {
			isa = PBXGroup;
			children = (
				754EA0F6289281B000BFF996 /* MainTabController.swift */,
			);
			path = Core;
			sourceTree = "<group>";
		};
		754EA102289290F100BFF996 /* Utils */ = {
			isa = PBXGroup;
			children = (
				754EA1032892910900BFF996 /* Extension.swift */,
			);
			path = Utils;
			sourceTree = "<group>";
		};
/* End PBXGroup section */

/* Begin PBXNativeTarget section */
		751570B728869FDA00BC8347 /* Dobavki */ = {
			isa = PBXNativeTarget;
			buildConfigurationList = 751570CC28869FDD00BC8347 /* Build configuration list for PBXNativeTarget "Dobavki" */;
			buildPhases = (
				751570B428869FDA00BC8347 /* Sources */,
				751570B528869FDA00BC8347 /* Frameworks */,
				751570B628869FDA00BC8347 /* Resources */,
			);
			buildRules = (
			);
			dependencies = (
			);
			name = Dobavki;
			productName = Dobavki;
			productReference = 751570B828869FDA00BC8347 /* Dobavki.app */;
			productType = "com.apple.product-type.application";
		};
/* End PBXNativeTarget section */

/* Begin PBXProject section */
		751570B028869FDA00BC8347 /* Project object */ = {
			isa = PBXProject;
			attributes = {
				BuildIndependentTargetsInParallel = 1;
				LastSwiftUpdateCheck = 1340;
				LastUpgradeCheck = 1340;
				TargetAttributes = {
					751570B728869FDA00BC8347 = {
						CreatedOnToolsVersion = 13.4.1;
					};
				};
			};
			buildConfigurationList = 751570B328869FDA00BC8347 /* Build configuration list for PBXProject "Dobavki" */;
			compatibilityVersion = "Xcode 13.0";
			developmentRegion = en;
			hasScannedForEncodings = 0;
			knownRegions = (
				en,
				Base,
			);
			mainGroup = 751570AF28869FDA00BC8347;
			productRefGroup = 751570B928869FDA00BC8347 /* Products */;
			projectDirPath = "";
			projectRoot = "";
			targets = (
				751570B728869FDA00BC8347 /* Dobavki */,
			);
		};
/* End PBXProject section */

/* Begin PBXResourcesBuildPhase section */
		751570B628869FDA00BC8347 /* Resources */ = {
			isa = PBXResourcesBuildPhase;
			buildActionMask = 2147483647;
			files = (
				751570C828869FDD00BC8347 /* LaunchScreen.storyboard in Resources */,
				751570C528869FDD00BC8347 /* Assets.xcassets in Resources */,
				751570C328869FDA00BC8347 /* Main.storyboard in Resources */,
			);
			runOnlyForDeploymentPostprocessing = 0;
		};
/* End PBXResourcesBuildPhase section */

/* Begin PBXSourcesBuildPhase section */
		751570B428869FDA00BC8347 /* Sources */ = {
			isa = PBXSourcesBuildPhase;
			buildActionMask = 2147483647;
			files = (
				754EA0FD2892837D00BFF996 /* CatalogViewController.swift in Sources */,
				751570BC28869FDA00BC8347 /* AppDelegate.swift in Sources */,
				754EA0F7289281B000BFF996 /* MainTabController.swift in Sources */,
				751570BE28869FDA00BC8347 /* SceneDelegate.swift in Sources */,
				754EA1012892840B00BFF996 /* ProfileViewController.swift in Sources */,
				754EA0FF289283C500BFF996 /* CartViewController.swift in Sources */,
				754EA0FA2892835200BFF996 /* MainViewController.swift in Sources */,
				754EA1042892910900BFF996 /* Extension.swift in Sources */,
			);
			runOnlyForDeploymentPostprocessing = 0;
		};
/* End PBXSourcesBuildPhase section */

/* Begin PBXVariantGroup section */
		751570C128869FDA00BC8347 /* Main.storyboard */ = {
			isa = PBXVariantGroup;
			children = (
				751570C228869FDA00BC8347 /* Base */,
			);
			name = Main.storyboard;
			sourceTree = "<group>";
		};
		751570C628869FDD00BC8347 /* LaunchScreen.storyboard */ = {
			isa = PBXVariantGroup;
			children = (
				751570C728869FDD00BC8347 /* Base */,
			);
			name = LaunchScreen.storyboard;
			sourceTree = "<group>";
		};
/* End PBXVariantGroup section */

/* Begin XCBuildConfiguration section */
		751570CA28869FDD00BC8347 /* Debug */ = {
			isa = XCBuildConfiguration;
			buildSettings = {
				ALWAYS_SEARCH_USER_PATHS = NO;
				CLANG_ANALYZER_NONNULL = YES;
				CLANG_ANALYZER_NUMBER_OBJECT_CONVERSION = YES_AGGRESSIVE;
				CLANG_CXX_LANGUAGE_STANDARD = "gnu++17";
				CLANG_ENABLE_MODULES = YES;
				CLANG_ENABLE_OBJC_ARC = YES;
				CLANG_ENABLE_OBJC_WEAK = YES;
				CLANG_WARN_BLOCK_CAPTURE_AUTORELEASING = YES;
				CLANG_WARN_BOOL_CONVERSION = YES;
				CLANG_WARN_COMMA = YES;
				CLANG_WARN_CONSTANT_CONVERSION = YES;
				CLANG_WARN_DEPRECATED_OBJC_IMPLEMENTATIONS = YES;
				CLANG_WARN_DIRECT_OBJC_ISA_USAGE = YES_ERROR;
				CLANG_WARN_DOCUMENTATION_COMMENTS = YES;
				CLANG_WARN_EMPTY_BODY = YES;
				CLANG_WARN_ENUM_CONVERSION = YES;
				CLANG_WARN_INFINITE_RECURSION = YES;
				CLANG_WARN_INT_CONVERSION = YES;
				CLANG_WARN_NON_LITERAL_NULL_CONVERSION = YES;
				CLANG_WARN_OBJC_IMPLICIT_RETAIN_SELF = YES;
				CLANG_WARN_OBJC_LITERAL_CONVERSION = YES;
				CLANG_WARN_OBJC_ROOT_CLASS = YES_ERROR;
				CLANG_WARN_QUOTED_INCLUDE_IN_FRAMEWORK_HEADER = YES;
				CLANG_WARN_RANGE_LOOP_ANALYSIS = YES;
				CLANG_WARN_STRICT_PROTOTYPES = YES;
				CLANG_WARN_SUSPICIOUS_MOVE = YES;
				CLANG_WARN_UNGUARDED_AVAILABILITY = YES_AGGRESSIVE;
				CLANG_WARN_UNREACHABLE_CODE = YES;
				CLANG_WARN__DUPLICATE_METHOD_MATCH = YES;
				COPY_PHASE_STRIP = NO;
				DEBUG_INFORMATION_FORMAT = dwarf;
				ENABLE_STRICT_OBJC_MSGSEND = YES;
				ENABLE_TESTABILITY = YES;
				GCC_C_LANGUAGE_STANDARD = gnu11;
				GCC_DYNAMIC_NO_PIC = NO;
				GCC_NO_COMMON_BLOCKS = YES;
				GCC_OPTIMIZATION_LEVEL = 0;
				GCC_PREPROCESSOR_DEFINITIONS = (
					"DEBUG=1",
					"$(inherited)",
				);
				GCC_WARN_64_TO_32_BIT_CONVERSION = YES;
				GCC_WARN_ABOUT_RETURN_TYPE = YES_ERROR;
				GCC_WARN_UNDECLARED_SELECTOR = YES;
				GCC_WARN_UNINITIALIZED_AUTOS = YES_AGGRESSIVE;
				GCC_WARN_UNUSED_FUNCTION = YES;
				GCC_WARN_UNUSED_VARIABLE = YES;
				IPHONEOS_DEPLOYMENT_TARGET = 15.5;
				MTL_ENABLE_DEBUG_INFO = INCLUDE_SOURCE;
				MTL_FAST_MATH = YES;
				ONLY_ACTIVE_ARCH = YES;
				SDKROOT = iphoneos;
				SWIFT_ACTIVE_COMPILATION_CONDITIONS = DEBUG;
				SWIFT_OPTIMIZATION_LEVEL = "-Onone";
			};
			name = Debug;
		};
		751570CB28869FDD00BC8347 /* Release */ = {
			isa = XCBuildConfiguration;
			buildSettings = {
				ALWAYS_SEARCH_USER_PATHS = NO;
				CLANG_ANALYZER_NONNULL = YES;
				CLANG_ANALYZER_NUMBER_OBJECT_CONVERSION = YES_AGGRESSIVE;
				CLANG_CXX_LANGUAGE_STANDARD = "gnu++17";
				CLANG_ENABLE_MODULES = YES;
				CLANG_ENABLE_OBJC_ARC = YES;
				CLANG_ENABLE_OBJC_WEAK = YES;
				CLANG_WARN_BLOCK_CAPTURE_AUTORELEASING = YES;
				CLANG_WARN_BOOL_CONVERSION = YES;
				CLANG_WARN_COMMA = YES;
				CLANG_WARN_CONSTANT_CONVERSION = YES;
				CLANG_WARN_DEPRECATED_OBJC_IMPLEMENTATIONS = YES;
				CLANG_WARN_DIRECT_OBJC_ISA_USAGE = YES_ERROR;
				CLANG_WARN_DOCUMENTATION_COMMENTS = YES;
				CLANG_WARN_EMPTY_BODY = YES;
				CLANG_WARN_ENUM_CONVERSION = YES;
				CLANG_WARN_INFINITE_RECURSION = YES;
				CLANG_WARN_INT_CONVERSION = YES;
				CLANG_WARN_NON_LITERAL_NULL_CONVERSION = YES;
				CLANG_WARN_OBJC_IMPLICIT_RETAIN_SELF = YES;
				CLANG_WARN_OBJC_LITERAL_CONVERSION = YES;
				CLANG_WARN_OBJC_ROOT_CLASS = YES_ERROR;
				CLANG_WARN_QUOTED_INCLUDE_IN_FRAMEWORK_HEADER = YES;
				CLANG_WARN_RANGE_LOOP_ANALYSIS = YES;
				CLANG_WARN_STRICT_PROTOTYPES = YES;
				CLANG_WARN_SUSPICIOUS_MOVE = YES;
				CLANG_WARN_UNGUARDED_AVAILABILITY = YES_AGGRESSIVE;
				CLANG_WARN_UNREACHABLE_CODE = YES;
				CLANG_WARN__DUPLICATE_METHOD_MATCH = YES;
				COPY_PHASE_STRIP = NO;
				DEBUG_INFORMATION_FORMAT = "dwarf-with-dsym";
				ENABLE_NS_ASSERTIONS = NO;
				ENABLE_STRICT_OBJC_MSGSEND = YES;
				GCC_C_LANGUAGE_STANDARD = gnu11;
				GCC_NO_COMMON_BLOCKS = YES;
				GCC_WARN_64_TO_32_BIT_CONVERSION = YES;
				GCC_WARN_ABOUT_RETURN_TYPE = YES_ERROR;
				GCC_WARN_UNDECLARED_SELECTOR = YES;
				GCC_WARN_UNINITIALIZED_AUTOS = YES_AGGRESSIVE;
				GCC_WARN_UNUSED_FUNCTION = YES;
				GCC_WARN_UNUSED_VARIABLE = YES;
				IPHONEOS_DEPLOYMENT_TARGET = 15.5;
				MTL_ENABLE_DEBUG_INFO = NO;
				MTL_FAST_MATH = YES;
				SDKROOT = iphoneos;
				SWIFT_COMPILATION_MODE = wholemodule;
				SWIFT_OPTIMIZATION_LEVEL = "-O";
				VALIDATE_PRODUCT = YES;
			};
			name = Release;
		};
		751570CD28869FDD00BC8347 /* Debug */ = {
			isa = XCBuildConfiguration;
			buildSettings = {
				ASSETCATALOG_COMPILER_APPICON_NAME = AppIcon;
				ASSETCATALOG_COMPILER_GLOBAL_ACCENT_COLOR_NAME = AccentColor;
				CODE_SIGN_STYLE = Automatic;
				CURRENT_PROJECT_VERSION = 1;
				DEVELOPMENT_TEAM = 3NDPBHQ9PJ;
				GENERATE_INFOPLIST_FILE = YES;
				INFOPLIST_FILE = Dobavki/Info.plist;
				INFOPLIST_KEY_UIApplicationSupportsIndirectInputEvents = YES;
				INFOPLIST_KEY_UILaunchStoryboardName = LaunchScreen;
				INFOPLIST_KEY_UIMainStoryboardFile = Main;
				INFOPLIST_KEY_UISupportedInterfaceOrientations = UIInterfaceOrientationPortrait;
				INFOPLIST_KEY_UISupportedInterfaceOrientations_iPad = "UIInterfaceOrientationPortrait UIInterfaceOrientationPortraitUpsideDown UIInterfaceOrientationLandscapeLeft UIInterfaceOrientationLandscapeRight";
				INFOPLIST_KEY_UISupportedInterfaceOrientations_iPhone = "UIInterfaceOrientationPortrait UIInterfaceOrientationLandscapeLeft UIInterfaceOrientationLandscapeRight";
				IPHONEOS_DEPLOYMENT_TARGET = 13.0;
				LD_RUNPATH_SEARCH_PATHS = (
					"$(inherited)",
					"@executable_path/Frameworks",
				);
				MARKETING_VERSION = 1.0;
				PRODUCT_BUNDLE_IDENTIFIER = ru.ArturDokhno.Dobavki;
				PRODUCT_NAME = "$(TARGET_NAME)";
				SWIFT_EMIT_LOC_STRINGS = YES;
				SWIFT_VERSION = 5.0;
				TARGETED_DEVICE_FAMILY = 1;
			};
			name = Debug;
		};
		751570CE28869FDD00BC8347 /* Release */ = {
			isa = XCBuildConfiguration;
			buildSettings = {
				ASSETCATALOG_COMPILER_APPICON_NAME = AppIcon;
				ASSETCATALOG_COMPILER_GLOBAL_ACCENT_COLOR_NAME = AccentColor;
				CODE_SIGN_STYLE = Automatic;
				CURRENT_PROJECT_VERSION = 1;
				DEVELOPMENT_TEAM = 3NDPBHQ9PJ;
				GENERATE_INFOPLIST_FILE = YES;
				INFOPLIST_FILE = Dobavki/Info.plist;
				INFOPLIST_KEY_UIApplicationSupportsIndirectInputEvents = YES;
				INFOPLIST_KEY_UILaunchStoryboardName = LaunchScreen;
				INFOPLIST_KEY_UIMainStoryboardFile = Main;
				INFOPLIST_KEY_UISupportedInterfaceOrientations = UIInterfaceOrientationPortrait;
				INFOPLIST_KEY_UISupportedInterfaceOrientations_iPad = "UIInterfaceOrientationPortrait UIInterfaceOrientationPortraitUpsideDown UIInterfaceOrientationLandscapeLeft UIInterfaceOrientationLandscapeRight";
				INFOPLIST_KEY_UISupportedInterfaceOrientations_iPhone = "UIInterfaceOrientationPortrait UIInterfaceOrientationLandscapeLeft UIInterfaceOrientationLandscapeRight";
				IPHONEOS_DEPLOYMENT_TARGET = 13.0;
				LD_RUNPATH_SEARCH_PATHS = (
					"$(inherited)",
					"@executable_path/Frameworks",
				);
				MARKETING_VERSION = 1.0;
				PRODUCT_BUNDLE_IDENTIFIER = ru.ArturDokhno.Dobavki;
				PRODUCT_NAME = "$(TARGET_NAME)";
				SWIFT_EMIT_LOC_STRINGS = YES;
				SWIFT_VERSION = 5.0;
				TARGETED_DEVICE_FAMILY = 1;
			};
			name = Release;
		};
/* End XCBuildConfiguration section */

/* Begin XCConfigurationList section */
		751570B328869FDA00BC8347 /* Build configuration list for PBXProject "Dobavki" */ = {
			isa = XCConfigurationList;
			buildConfigurations = (
				751570CA28869FDD00BC8347 /* Debug */,
				751570CB28869FDD00BC8347 /* Release */,
			);
			defaultConfigurationIsVisible = 0;
			defaultConfigurationName = Release;
		};
		751570CC28869FDD00BC8347 /* Build configuration list for PBXNativeTarget "Dobavki" */ = {
			isa = XCConfigurationList;
			buildConfigurations = (
				751570CD28869FDD00BC8347 /* Debug */,
				751570CE28869FDD00BC8347 /* Release */,
			);
			defaultConfigurationIsVisible = 0;
			defaultConfigurationName = Release;
		};
/* End XCConfigurationList section */
	};
	rootObject = 751570B028869FDA00BC8347 /* Project object */;
}
